
Microsoft Visual Studio Solution File, Format Version 12.00
# Visual Studio 2013
VisualStudioVersion = 12.0.31101.0
MinimumVisualStudioVersion = 10.0.40219.1
Project("{8BC9CEB8-8B4A-11D0-8D11-00A0C91BC942}") = "MFCApplication3", "MFCApplication3\MFCApplication3.vcxproj", "{5B472AE7-E256-4032-A354-186A173B6A89}"
EndProject
Global
	GlobalSection(SolutionConfigurationPlatforms) = preSolution
		Debug|Win32 = Debug|Win32
		Release|Win32 = Release|Win32
	EndGlobalSection
	GlobalSection(ProjectConfigurationPlatforms) = postSolution
		{5B472AE7-E256-4032-A354-186A173B6A89}.Debug|Win32.ActiveCfg = Debug|Win32
		{5B472AE7-E256-4032-A354-186A173B6A89}.Debug|Win32.Build.0 = Debug|Win32
		{5B472AE7-E256-4032-A354-186A173B6A89}.Release|Win32.ActiveCfg = Release|Win32
		{5B472AE7-E256-4032-A354-186A173B6A89}.Release|Win32.Build.0 = Release|Win32
	EndGlobalSection
	GlobalSection(SolutionProperties) = preSolution
		HideSolutionNode = FALSE
	EndGlobalSection
EndGlobal
